// !$*UTF8*$!
{
	archiveVersion = 1;
	classes = {
	};
	objectVersion = 46;
	objects = {

/* Begin PBXBuildFile section */
		236394251F0ED85900B39167 /* VideoTableViewCell.swift in Sources */ = {isa = PBXBuildFile; fileRef = 236394241F0ED85900B39167 /* VideoTableViewCell.swift */; };
		23FC33361F0606EA004D7250 /* AppDelegate.swift in Sources */ = {isa = PBXBuildFile; fileRef = 23FC33351F0606EA004D7250 /* AppDelegate.swift */; };
		23FC33381F0606EA004D7250 /* MasterViewController.swift in Sources */ = {isa = PBXBuildFile; fileRef = 23FC33371F0606EA004D7250 /* MasterViewController.swift */; };
		23FC333D1F0606EA004D7250 /* Main.storyboard in Resources */ = {isa = PBXBuildFile; fileRef = 23FC333B1F0606EA004D7250 /* Main.storyboard */; };
		23FC333F1F0606EA004D7250 /* Assets.xcassets in Resources */ = {isa = PBXBuildFile; fileRef = 23FC333E1F0606EA004D7250 /* Assets.xcassets */; };
		23FC33421F0606EA004D7250 /* LaunchScreen.storyboard in Resources */ = {isa = PBXBuildFile; fileRef = 23FC33401F0606EA004D7250 /* LaunchScreen.storyboard */; };
		23FC33631F060792004D7250 /* ActionRequestHandler.swift in Sources */ = {isa = PBXBuildFile; fileRef = 23FC33621F060792004D7250 /* ActionRequestHandler.swift */; };
		23FC33651F060792004D7250 /* Action.js in Resources */ = {isa = PBXBuildFile; fileRef = 23FC33641F060792004D7250 /* Action.js */; };
		23FC33691F060792004D7250 /* Playback Action.appex in Embed App Extensions */ = {isa = PBXBuildFile; fileRef = 23FC33601F060792004D7250 /* Playback Action.appex */; settings = {ATTRIBUTES = (RemoveHeadersOnCopy, ); }; };
		23FC336E1F061516004D7250 /* Main.storyboard in Resources */ = {isa = PBXBuildFile; fileRef = 23FC336D1F061516004D7250 /* Main.storyboard */; };
		23FC33721F062779004D7250 /* Icon.xcassets in Resources */ = {isa = PBXBuildFile; fileRef = 23FC33711F062779004D7250 /* Icon.xcassets */; };
		23FC33961F062F71004D7250 /* Icon.xcassets in Resources */ = {isa = PBXBuildFile; fileRef = 23FC33711F062779004D7250 /* Icon.xcassets */; };
/* End PBXBuildFile section */

/* Begin PBXContainerItemProxy section */
		23FC33671F060792004D7250 /* PBXContainerItemProxy */ = {
			isa = PBXContainerItemProxy;
			containerPortal = 23FC332A1F0606EA004D7250 /* Project object */;
			proxyType = 1;
			remoteGlobalIDString = 23FC335F1F060792004D7250;
			remoteInfo = "Playback Action";
		};
/* End PBXContainerItemProxy section */

/* Begin PBXCopyFilesBuildPhase section */
		23FC335B1F06076C004D7250 /* Embed App Extensions */ = {
			isa = PBXCopyFilesBuildPhase;
			buildActionMask = 2147483647;
			dstPath = "";
			dstSubfolderSpec = 13;
			files = (
				23FC33691F060792004D7250 /* Playback Action.appex in Embed App Extensions */,
			);
			name = "Embed App Extensions";
			runOnlyForDeploymentPostprocessing = 0;
		};
/* End PBXCopyFilesBuildPhase section */

/* Begin PBXFileReference section */
		236394241F0ED85900B39167 /* VideoTableViewCell.swift */ = {isa = PBXFileReference; fileEncoding = 4; lastKnownFileType = sourcecode.swift; path = VideoTableViewCell.swift; sourceTree = "<group>"; };
		23FC33321F0606EA004D7250 /* Playback.app */ = {isa = PBXFileReference; explicitFileType = wrapper.application; includeInIndex = 0; path = Playback.app; sourceTree = BUILT_PRODUCTS_DIR; };
		23FC33351F0606EA004D7250 /* AppDelegate.swift */ = {isa = PBXFileReference; lastKnownFileType = sourcecode.swift; path = AppDelegate.swift; sourceTree = "<group>"; };
		23FC33371F0606EA004D7250 /* MasterViewController.swift */ = {isa = PBXFileReference; lastKnownFileType = sourcecode.swift; path = MasterViewController.swift; sourceTree = "<group>"; };
		23FC33391F0606EA004D7250 /* DetailViewController.swift */ = {isa = PBXFileReference; lastKnownFileType = sourcecode.swift; path = DetailViewController.swift; sourceTree = "<group>"; };
		23FC333C1F0606EA004D7250 /* Base */ = {isa = PBXFileReference; lastKnownFileType = file.storyboard; name = Base; path = Base.lproj/Main.storyboard; sourceTree = "<group>"; };
		23FC333E1F0606EA004D7250 /* Assets.xcassets */ = {isa = PBXFileReference; lastKnownFileType = folder.assetcatalog; path = Assets.xcassets; sourceTree = "<group>"; };
		23FC33411F0606EA004D7250 /* Base */ = {isa = PBXFileReference; lastKnownFileType = file.storyboard; name = Base; path = Base.lproj/LaunchScreen.storyboard; sourceTree = "<group>"; };
		23FC33431F0606EA004D7250 /* Info.plist */ = {isa = PBXFileReference; lastKnownFileType = text.plist.xml; path = Info.plist; sourceTree = "<group>"; };
		23FC33601F060792004D7250 /* Playback Action.appex */ = {isa = PBXFileReference; explicitFileType = "wrapper.app-extension"; includeInIndex = 0; path = "Playback Action.appex"; sourceTree = BUILT_PRODUCTS_DIR; };
		23FC33621F060792004D7250 /* ActionRequestHandler.swift */ = {isa = PBXFileReference; lastKnownFileType = sourcecode.swift; path = ActionRequestHandler.swift; sourceTree = "<group>"; };
		23FC33641F060792004D7250 /* Action.js */ = {isa = PBXFileReference; lastKnownFileType = sourcecode.javascript; path = Action.js; sourceTree = "<group>"; };
		23FC33661F060792004D7250 /* Info.plist */ = {isa = PBXFileReference; lastKnownFileType = text.plist.xml; path = Info.plist; sourceTree = "<group>"; };
		23FC336D1F061516004D7250 /* Main.storyboard */ = {isa = PBXFileReference; fileEncoding = 4; lastKnownFileType = file.storyboard; path = Main.storyboard; sourceTree = "<group>"; };
		23FC336F1F0626A2004D7250 /* Playback.entitlements */ = {isa = PBXFileReference; lastKnownFileType = text.plist.entitlements; path = Playback.entitlements; sourceTree = "<group>"; };
		23FC33701F0626E1004D7250 /* Playback Action.entitlements */ = {isa = PBXFileReference; lastKnownFileType = text.plist.entitlements; path = "Playback Action.entitlements"; sourceTree = "<group>"; };
		23FC33711F062779004D7250 /* Icon.xcassets */ = {isa = PBXFileReference; lastKnownFileType = folder.assetcatalog; path = Icon.xcassets; sourceTree = "<group>"; };
/* End PBXFileReference section */

/* Begin PBXFrameworksBuildPhase section */
		23FC332F1F0606EA004D7250 /* Frameworks */ = {
			isa = PBXFrameworksBuildPhase;
			buildActionMask = 2147483647;
			files = (
			);
			runOnlyForDeploymentPostprocessing = 0;
		};
		23FC335D1F060792004D7250 /* Frameworks */ = {
			isa = PBXFrameworksBuildPhase;
			buildActionMask = 2147483647;
			files = (
			);
			runOnlyForDeploymentPostprocessing = 0;
		};
/* End PBXFrameworksBuildPhase section */

/* Begin PBXGroup section */
		23FC33291F0606EA004D7250 = {
			isa = PBXGroup;
			children = (
				23FC33341F0606EA004D7250 /* Playback */,
				23FC33611F060792004D7250 /* Playback Action */,
				23FC33331F0606EA004D7250 /* Products */,
			);
			sourceTree = "<group>";
		};
		23FC33331F0606EA004D7250 /* Products */ = {
			isa = PBXGroup;
			children = (
				23FC33321F0606EA004D7250 /* Playback.app */,
				23FC33601F060792004D7250 /* Playback Action.appex */,
			);
			name = Products;
			sourceTree = "<group>";
		};
		23FC33341F0606EA004D7250 /* Playback */ = {
			isa = PBXGroup;
			children = (
				23FC336F1F0626A2004D7250 /* Playback.entitlements */,
				23FC33351F0606EA004D7250 /* AppDelegate.swift */,
				23FC33371F0606EA004D7250 /* MasterViewController.swift */,
				23FC33391F0606EA004D7250 /* DetailViewController.swift */,
				23FC333B1F0606EA004D7250 /* Main.storyboard */,
				236394241F0ED85900B39167 /* VideoTableViewCell.swift */,
				23FC333E1F0606EA004D7250 /* Assets.xcassets */,
				23FC33401F0606EA004D7250 /* LaunchScreen.storyboard */,
				23FC33431F0606EA004D7250 /* Info.plist */,
			);
			path = Playback;
			sourceTree = "<group>";
		};
		23FC33611F060792004D7250 /* Playback Action */ = {
			isa = PBXGroup;
			children = (
				23FC33701F0626E1004D7250 /* Playback Action.entitlements */,
				23FC33621F060792004D7250 /* ActionRequestHandler.swift */,
				23FC33641F060792004D7250 /* Action.js */,
				23FC33661F060792004D7250 /* Info.plist */,
				23FC336D1F061516004D7250 /* Main.storyboard */,
				23FC33711F062779004D7250 /* Icon.xcassets */,
			);
			path = "Playback Action";
			sourceTree = "<group>";
		};
/* End PBXGroup section */

/* Begin PBXNativeTarget section */
		23FC33311F0606EA004D7250 /* Playback */ = {
			isa = PBXNativeTarget;
			buildConfigurationList = 23FC33461F0606EA004D7250 /* Build configuration list for PBXNativeTarget "Playback" */;
			buildPhases = (
				23FC332E1F0606EA004D7250 /* Sources */,
				23FC332F1F0606EA004D7250 /* Frameworks */,
				23FC33301F0606EA004D7250 /* Resources */,
				23FC335B1F06076C004D7250 /* Embed App Extensions */,
			);
			buildRules = (
			);
			dependencies = (
				23FC33681F060792004D7250 /* PBXTargetDependency */,
			);
			name = Playback;
			productName = Playback;
			productReference = 23FC33321F0606EA004D7250 /* Playback.app */;
			productType = "com.apple.product-type.application";
		};
		23FC335F1F060792004D7250 /* Playback Action */ = {
			isa = PBXNativeTarget;
			buildConfigurationList = 23FC336A1F060792004D7250 /* Build configuration list for PBXNativeTarget "Playback Action" */;
			buildPhases = (
				23FC335C1F060792004D7250 /* Sources */,
				23FC335D1F060792004D7250 /* Frameworks */,
				23FC335E1F060792004D7250 /* Resources */,
			);
			buildRules = (
			);
			dependencies = (
			);
			name = "Playback Action";
			productName = "Playback Action";
			productReference = 23FC33601F060792004D7250 /* Playback Action.appex */;
			productType = "com.apple.product-type.app-extension";
		};
/* End PBXNativeTarget section */

/* Begin PBXProject section */
		23FC332A1F0606EA004D7250 /* Project object */ = {
			isa = PBXProject;
			attributes = {
				LastSwiftUpdateCheck = 0830;
				LastUpgradeCheck = 0830;
				ORGANIZATIONNAME = "Christopher Truman";
				TargetAttributes = {
					23FC33311F0606EA004D7250 = {
						CreatedOnToolsVersion = 8.3.3;
						DevelopmentTeam = PP6S682Z9F;
						ProvisioningStyle = Automatic;
						SystemCapabilities = {
							com.apple.ApplicationGroups.iOS = {
								enabled = 1;
							};
						};
					};
					23FC335F1F060792004D7250 = {
						CreatedOnToolsVersion = 8.3.3;
						DevelopmentTeam = PP6S682Z9F;
						ProvisioningStyle = Automatic;
						SystemCapabilities = {
							com.apple.ApplicationGroups.iOS = {
								enabled = 1;
							};
						};
					};
				};
			};
			buildConfigurationList = 23FC332D1F0606EA004D7250 /* Build configuration list for PBXProject "Playback" */;
			compatibilityVersion = "Xcode 3.2";
			developmentRegion = English;
			hasScannedForEncodings = 0;
			knownRegions = (
				en,
				Base,
			);
			mainGroup = 23FC33291F0606EA004D7250;
			productRefGroup = 23FC33331F0606EA004D7250 /* Products */;
			projectDirPath = "";
			projectRoot = "";
			targets = (
				23FC33311F0606EA004D7250 /* Playback */,
				23FC335F1F060792004D7250 /* Playback Action */,
			);
		};
/* End PBXProject section */

/* Begin PBXResourcesBuildPhase section */
		23FC33301F0606EA004D7250 /* Resources */ = {
			isa = PBXResourcesBuildPhase;
			buildActionMask = 2147483647;
			files = (
				23FC33421F0606EA004D7250 /* LaunchScreen.storyboard in Resources */,
				23FC333F1F0606EA004D7250 /* Assets.xcassets in Resources */,
				23FC33961F062F71004D7250 /* Icon.xcassets in Resources */,
				23FC333D1F0606EA004D7250 /* Main.storyboard in Resources */,
			);
			runOnlyForDeploymentPostprocessing = 0;
		};
		23FC335E1F060792004D7250 /* Resources */ = {
			isa = PBXResourcesBuildPhase;
			buildActionMask = 2147483647;
			files = (
				23FC33721F062779004D7250 /* Icon.xcassets in Resources */,
				23FC33651F060792004D7250 /* Action.js in Resources */,
				23FC336E1F061516004D7250 /* Main.storyboard in Resources */,
			);
			runOnlyForDeploymentPostprocessing = 0;
		};
/* End PBXResourcesBuildPhase section */

/* Begin PBXSourcesBuildPhase section */
		23FC332E1F0606EA004D7250 /* Sources */ = {
			isa = PBXSourcesBuildPhase;
			buildActionMask = 2147483647;
			files = (
				23FC33381F0606EA004D7250 /* MasterViewController.swift in Sources */,
				23FC33361F0606EA004D7250 /* AppDelegate.swift in Sources */,
				236394251F0ED85900B39167 /* VideoTableViewCell.swift in Sources */,
			);
			runOnlyForDeploymentPostprocessing = 0;
		};
		23FC335C1F060792004D7250 /* Sources */ = {
			isa = PBXSourcesBuildPhase;
			buildActionMask = 2147483647;
			files = (
				23FC33631F060792004D7250 /* ActionRequestHandler.swift in Sources */,
			);
			runOnlyForDeploymentPostprocessing = 0;
		};
/* End PBXSourcesBuildPhase section */

/* Begin PBXTargetDependency section */
		23FC33681F060792004D7250 /* PBXTargetDependency */ = {
			isa = PBXTargetDependency;
			target = 23FC335F1F060792004D7250 /* Playback Action */;
			targetProxy = 23FC33671F060792004D7250 /* PBXContainerItemProxy */;
		};
/* End PBXTargetDependency section */

/* Begin PBXVariantGroup section */
		23FC333B1F0606EA004D7250 /* Main.storyboard */ = {
			isa = PBXVariantGroup;
			children = (
				23FC333C1F0606EA004D7250 /* Base */,
			);
			name = Main.storyboard;
			sourceTree = "<group>";
		};
		23FC33401F0606EA004D7250 /* LaunchScreen.storyboard */ = {
			isa = PBXVariantGroup;
			children = (
				23FC33411F0606EA004D7250 /* Base */,
			);
			name = LaunchScreen.storyboard;
			sourceTree = "<group>";
		};
/* End PBXVariantGroup section */

/* Begin XCBuildConfiguration section */
		23FC33441F0606EA004D7250 /* Debug */ = {
			isa = XCBuildConfiguration;
			buildSettings = {
				ALWAYS_SEARCH_USER_PATHS = NO;
				CLANG_ANALYZER_NONNULL = YES;
				CLANG_ANALYZER_NUMBER_OBJECT_CONVERSION = YES_AGGRESSIVE;
				CLANG_CXX_LANGUAGE_STANDARD = "gnu++0x";
				CLANG_CXX_LIBRARY = "libc++";
				CLANG_ENABLE_MODULES = YES;
				CLANG_ENABLE_OBJC_ARC = YES;
				CLANG_WARN_BOOL_CONVERSION = YES;
				CLANG_WARN_CONSTANT_CONVERSION = YES;
				CLANG_WARN_DIRECT_OBJC_ISA_USAGE = YES_ERROR;
				CLANG_WARN_DOCUMENTATION_COMMENTS = YES;
				CLANG_WARN_EMPTY_BODY = YES;
				CLANG_WARN_ENUM_CONVERSION = YES;
				CLANG_WARN_INFINITE_RECURSION = YES;
				CLANG_WARN_INT_CONVERSION = YES;
				CLANG_WARN_OBJC_ROOT_CLASS = YES_ERROR;
				CLANG_WARN_SUSPICIOUS_MOVE = YES;
				CLANG_WARN_UNREACHABLE_CODE = YES;
				CLANG_WARN__DUPLICATE_METHOD_MATCH = YES;
				"CODE_SIGN_IDENTITY[sdk=iphoneos*]" = "iPhone Developer";
				COPY_PHASE_STRIP = NO;
				DEBUG_INFORMATION_FORMAT = dwarf;
				ENABLE_STRICT_OBJC_MSGSEND = YES;
				ENABLE_TESTABILITY = YES;
				GCC_C_LANGUAGE_STANDARD = gnu99;
				GCC_DYNAMIC_NO_PIC = NO;
				GCC_NO_COMMON_BLOCKS = YES;
				GCC_OPTIMIZATION_LEVEL = 0;
				GCC_PREPROCESSOR_DEFINITIONS = (
					"DEBUG=1",
					"$(inherited)",
				);
				GCC_WARN_64_TO_32_BIT_CONVERSION = YES;
				GCC_WARN_ABOUT_RETURN_TYPE = YES_ERROR;
				GCC_WARN_UNDECLARED_SELECTOR = YES;
				GCC_WARN_UNINITIALIZED_AUTOS = YES_AGGRESSIVE;
				GCC_WARN_UNUSED_FUNCTION = YES;
				GCC_WARN_UNUSED_VARIABLE = YES;
				IPHONEOS_DEPLOYMENT_TARGET = 10.3;
				MTL_ENABLE_DEBUG_INFO = YES;
				ONLY_ACTIVE_ARCH = YES;
				SDKROOT = iphoneos;
				SWIFT_ACTIVE_COMPILATION_CONDITIONS = DEBUG;
				SWIFT_OPTIMIZATION_LEVEL = "-Onone";
				TARGETED_DEVICE_FAMILY = "1,2";
			};
			name = Debug;
		};
		23FC33451F0606EA004D7250 /* Release */ = {
			isa = XCBuildConfiguration;
			buildSettings = {
				ALWAYS_SEARCH_USER_PATHS = NO;
				CLANG_ANALYZER_NONNULL = YES;
				CLANG_ANALYZER_NUMBER_OBJECT_CONVERSION = YES_AGGRESSIVE;
				CLANG_CXX_LANGUAGE_STANDARD = "gnu++0x";
				CLANG_CXX_LIBRARY = "libc++";
				CLANG_ENABLE_MODULES = YES;
				CLANG_ENABLE_OBJC_ARC = YES;
				CLANG_WARN_BOOL_CONVERSION = YES;
				CLANG_WARN_CONSTANT_CONVERSION = YES;
				CLANG_WARN_DIRECT_OBJC_ISA_USAGE = YES_ERROR;
				CLANG_WARN_DOCUMENTATION_COMMENTS = YES;
				CLANG_WARN_EMPTY_BODY = YES;
				CLANG_WARN_ENUM_CONVERSION = YES;
				CLANG_WARN_INFINITE_RECURSION = YES;
				CLANG_WARN_INT_CONVERSION = YES;
				CLANG_WARN_OBJC_ROOT_CLASS = YES_ERROR;
				CLANG_WARN_SUSPICIOUS_MOVE = YES;
				CLANG_WARN_UNREACHABLE_CODE = YES;
				CLANG_WARN__DUPLICATE_METHOD_MATCH = YES;
				"CODE_SIGN_IDENTITY[sdk=iphoneos*]" = "iPhone Developer";
				COPY_PHASE_STRIP = NO;
				DEBUG_INFORMATION_FORMAT = "dwarf-with-dsym";
				ENABLE_NS_ASSERTIONS = NO;
				ENABLE_STRICT_OBJC_MSGSEND = YES;
				GCC_C_LANGUAGE_STANDARD = gnu99;
				GCC_NO_COMMON_BLOCKS = YES;
				GCC_WARN_64_TO_32_BIT_CONVERSION = YES;
				GCC_WARN_ABOUT_RETURN_TYPE = YES_ERROR;
				GCC_WARN_UNDECLARED_SELECTOR = YES;
				GCC_WARN_UNINITIALIZED_AUTOS = YES_AGGRESSIVE;
				GCC_WARN_UNUSED_FUNCTION = YES;
				GCC_WARN_UNUSED_VARIABLE = YES;
				IPHONEOS_DEPLOYMENT_TARGET = 10.3;
				MTL_ENABLE_DEBUG_INFO = NO;
				SDKROOT = iphoneos;
				SWIFT_OPTIMIZATION_LEVEL = "-Owholemodule";
				TARGETED_DEVICE_FAMILY = "1,2";
				VALIDATE_PRODUCT = YES;
			};
			name = Release;
		};
		23FC33471F0606EA004D7250 /* Debug */ = {
			isa = XCBuildConfiguration;
			buildSettings = {
				ALWAYS_EMBED_SWIFT_STANDARD_LIBRARIES = YES;
				ASSETCATALOG_COMPILER_APPICON_NAME = AppIcon;
				CODE_SIGN_ENTITLEMENTS = Playback/Playback.entitlements;
				DEVELOPMENT_TEAM = PP6S682Z9F;
				INFOPLIST_FILE = Playback/Info.plist;
				LD_RUNPATH_SEARCH_PATHS = "$(inherited) @executable_path/Frameworks";
				PRODUCT_BUNDLE_IDENTIFIER = truman.Playback;
				PRODUCT_NAME = "$(TARGET_NAME)";
				SWIFT_VERSION = 3.0;
			};
			name = Debug;
		};
		23FC33481F0606EA004D7250 /* Release */ = {
			isa = XCBuildConfiguration;
			buildSettings = {
				ALWAYS_EMBED_SWIFT_STANDARD_LIBRARIES = YES;
				ASSETCATALOG_COMPILER_APPICON_NAME = AppIcon;
				CODE_SIGN_ENTITLEMENTS = Playback/Playback.entitlements;
				DEVELOPMENT_TEAM = PP6S682Z9F;
				INFOPLIST_FILE = Playback/Info.plist;
				LD_RUNPATH_SEARCH_PATHS = "$(inherited) @executable_path/Frameworks";
				PRODUCT_BUNDLE_IDENTIFIER = truman.Playback;
				PRODUCT_NAME = "$(TARGET_NAME)";
				SWIFT_VERSION = 3.0;
			};
			name = Release;
		};
		23FC336B1F060792004D7250 /* Debug */ = {
			isa = XCBuildConfiguration;
			buildSettings = {
				ASSETCATALOG_COMPILER_APPICON_NAME = AppIcon;
				CODE_SIGN_ENTITLEMENTS = "Playback Action/Playback Action.entitlements";
				DEVELOPMENT_TEAM = PP6S682Z9F;
				INFOPLIST_FILE = "Playback Action/Info.plist";
				LD_RUNPATH_SEARCH_PATHS = "$(inherited) @executable_path/Frameworks @executable_path/../../Frameworks";
				PRODUCT_BUNDLE_IDENTIFIER = "truman.Playback.Playback-Action";
				PRODUCT_NAME = "$(TARGET_NAME)";
				SKIP_INSTALL = YES;
				SWIFT_VERSION = 3.0;
			};
			name = Debug;
		};
		23FC336C1F060792004D7250 /* Release */ = {
			isa = XCBuildConfiguration;
			buildSettings = {
				ASSETCATALOG_COMPILER_APPICON_NAME = AppIcon;
				CODE_SIGN_ENTITLEMENTS = "Playback Action/Playback Action.entitlements";
				DEVELOPMENT_TEAM = PP6S682Z9F;
				INFOPLIST_FILE = "Playback Action/Info.plist";
				LD_RUNPATH_SEARCH_PATHS = "$(inherited) @executable_path/Frameworks @executable_path/../../Frameworks";
				PRODUCT_BUNDLE_IDENTIFIER = "truman.Playback.Playback-Action";
				PRODUCT_NAME = "$(TARGET_NAME)";
				SKIP_INSTALL = YES;
				SWIFT_VERSION = 3.0;
			};
			name = Release;
		};
/* End XCBuildConfiguration section */

/* Begin XCConfigurationList section */
		23FC332D1F0606EA004D7250 /* Build configuration list for PBXProject "Playback" */ = {
			isa = XCConfigurationList;
			buildConfigurations = (
				23FC33441F0606EA004D7250 /* Debug */,
				23FC33451F0606EA004D7250 /* Release */,
			);
			defaultConfigurationIsVisible = 0;
			defaultConfigurationName = Release;
		};
		23FC33461F0606EA004D7250 /* Build configuration list for PBXNativeTarget "Playback" */ = {
			isa = XCConfigurationList;
			buildConfigurations = (
				23FC33471F0606EA004D7250 /* Debug */,
				23FC33481F0606EA004D7250 /* Release */,
			);
			defaultConfigurationIsVisible = 0;
			defaultConfigurationName = Release;
		};
		23FC336A1F060792004D7250 /* Build configuration list for PBXNativeTarget "Playback Action" */ = {
			isa = XCConfigurationList;
			buildConfigurations = (
				23FC336B1F060792004D7250 /* Debug */,
				23FC336C1F060792004D7250 /* Release */,
			);
			defaultConfigurationIsVisible = 0;
			defaultConfigurationName = Release;
		};
/* End XCConfigurationList section */
	};
	rootObject = 23FC332A1F0606EA004D7250 /* Project object */;
}
